
Microsoft Visual Studio Solution File, Format Version 12.00
# Visual Studio Version 17
VisualStudioVersion = 17.0.32112.339
MinimumVisualStudioVersion = 10.0.40219.1
Project("{9A19103F-16F7-4668-BE54-9A1E7A4F7556}") = "Files", "Files\Files.csproj", "{C90C493A-865C-45AD-9EAB-DA3A1D10A096}"
EndProject
Global
	GlobalSection(SolutionConfigurationPlatforms) = preSolution
		Debug|Any CPU = Debug|Any CPU
		Release|Any CPU = Release|Any CPU
	EndGlobalSection
	GlobalSection(ProjectConfigurationPlatforms) = postSolution
		{C90C493A-865C-45AD-9EAB-DA3A1D10A096}.Debug|Any CPU.ActiveCfg = Debug|Any CPU
		{C90C493A-865C-45AD-9EAB-DA3A1D10A096}.Debug|Any CPU.Build.0 = Debug|Any CPU
		{C90C493A-865C-45AD-9EAB-DA3A1D10A096}.Release|Any CPU.ActiveCfg = Release|Any CPU
		{C90C493A-865C-45AD-9EAB-DA3A1D10A096}.Release|Any CPU.Build.0 = Release|Any CPU
	EndGlobalSection
	GlobalSection(SolutionProperties) = preSolution
		HideSolutionNode = FALSE
	EndGlobalSection
	GlobalSection(ExtensibilityGlobals) = postSolution
		SolutionGuid = {7E0E59FB-033A-44FF-90D7-F3CA96A34938}
	EndGlobalSection
EndGlobal
